// !$*UTF8*$!
{
	archiveVersion = 1;
	classes = {
	};
	objectVersion = 55;
	objects = {

/* Begin PBXBuildFile section */
		CEBA49792806697C005B7A67 /* AppDelegate.m in Sources */ = {isa = PBXBuildFile; fileRef = CEBA49782806697C005B7A67 /* AppDelegate.m */; };
		CEBA497B2806697D005B7A67 /* Assets.xcassets in Resources */ = {isa = PBXBuildFile; fileRef = CEBA497A2806697D005B7A67 /* Assets.xcassets */; };
		CEBA497E2806697D005B7A67 /* MainMenu.xib in Resources */ = {isa = PBXBuildFile; fileRef = CEBA497C2806697D005B7A67 /* MainMenu.xib */; };
		CEBA49802806697D005B7A67 /* main.m in Sources */ = {isa = PBXBuildFile; fileRef = CEBA497F2806697D005B7A67 /* main.m */; };
		CEBA498928066ABB005B7A67 /* WVUVCDevice.m in Sources */ = {isa = PBXBuildFile; fileRef = CEBA498828066ABB005B7A67 /* WVUVCDevice.m */; };
		CEBA499128066B37005B7A67 /* IOKit.framework in Frameworks */ = {isa = PBXBuildFile; fileRef = CEBA499028066B37005B7A67 /* IOKit.framework */; };
		CEBA499228066B9A005B7A67 /* libuvc.a in Frameworks */ = {isa = PBXBuildFile; fileRef = CEBA498F28066B0E005B7A67 /* libuvc.a */; };
		CEBA499328066B9B005B7A67 /* libusb-1.0.a in Frameworks */ = {isa = PBXBuildFile; fileRef = CEBA498E28066AFA005B7A67 /* libusb-1.0.a */; };
		CEBA499628069F23005B7A67 /* Quartz.framework in Frameworks */ = {isa = PBXBuildFile; fileRef = CEBA499528069F23005B7A67 /* Quartz.framework */; };
/* End PBXBuildFile section */

/* Begin PBXFileReference section */
		84EC521128071FBE007B415B /* README.md */ = {isa = PBXFileReference; lastKnownFileType = net.daringfireball.markdown; path = README.md; sourceTree = "<group>"; };
		CEBA49742806697C005B7A67 /* Webcam Viewer.app */ = {isa = PBXFileReference; explicitFileType = wrapper.application; includeInIndex = 0; path = "Webcam Viewer.app"; sourceTree = BUILT_PRODUCTS_DIR; };
		CEBA49772806697C005B7A67 /* AppDelegate.h */ = {isa = PBXFileReference; lastKnownFileType = sourcecode.c.h; path = AppDelegate.h; sourceTree = "<group>"; };
		CEBA49782806697C005B7A67 /* AppDelegate.m */ = {isa = PBXFileReference; lastKnownFileType = sourcecode.c.objc; path = AppDelegate.m; sourceTree = "<group>"; };
		CEBA497A2806697D005B7A67 /* Assets.xcassets */ = {isa = PBXFileReference; lastKnownFileType = folder.assetcatalog; path = Assets.xcassets; sourceTree = "<group>"; };
		CEBA497D2806697D005B7A67 /* Base */ = {isa = PBXFileReference; lastKnownFileType = file.xib; name = Base; path = Base.lproj/MainMenu.xib; sourceTree = "<group>"; };
		CEBA497F2806697D005B7A67 /* main.m */ = {isa = PBXFileReference; lastKnownFileType = sourcecode.c.objc; path = main.m; sourceTree = "<group>"; };
		CEBA49812806697D005B7A67 /* WebcamViewer.entitlements */ = {isa = PBXFileReference; lastKnownFileType = text.plist.entitlements; path = WebcamViewer.entitlements; sourceTree = "<group>"; };
		CEBA498728066ABB005B7A67 /* WVUVCDevice.h */ = {isa = PBXFileReference; lastKnownFileType = sourcecode.c.h; path = WVUVCDevice.h; sourceTree = "<group>"; };
		CEBA498828066ABB005B7A67 /* WVUVCDevice.m */ = {isa = PBXFileReference; lastKnownFileType = sourcecode.c.objc; path = WVUVCDevice.m; sourceTree = "<group>"; };
		CEBA498E28066AFA005B7A67 /* libusb-1.0.a */ = {isa = PBXFileReference; lastKnownFileType = archive.ar; name = "libusb-1.0.a"; path = "sysroot/lib/libusb-1.0.a"; sourceTree = "<group>"; };
		CEBA498F28066B0E005B7A67 /* libuvc.a */ = {isa = PBXFileReference; lastKnownFileType = archive.ar; name = libuvc.a; path = sysroot/lib/libuvc.a; sourceTree = "<group>"; };
		CEBA499028066B37005B7A67 /* IOKit.framework */ = {isa = PBXFileReference; lastKnownFileType = wrapper.framework; name = IOKit.framework; path = System/Library/Frameworks/IOKit.framework; sourceTree = SDKROOT; };
		CEBA49942806790C005B7A67 /* WVUVCDeviceDelegate.h */ = {isa = PBXFileReference; lastKnownFileType = sourcecode.c.h; path = WVUVCDeviceDelegate.h; sourceTree = "<group>"; };
		CEBA499528069F23005B7A67 /* Quartz.framework */ = {isa = PBXFileReference; lastKnownFileType = wrapper.framework; name = Quartz.framework; path = System/Library/Frameworks/Quartz.framework; sourceTree = SDKROOT; };
/* End PBXFileReference section */

/* Begin PBXFrameworksBuildPhase section */
		CEBA49712806697C005B7A67 /* Frameworks */ = {
			isa = PBXFrameworksBuildPhase;
			buildActionMask = 2147483647;
			files = (
				CEBA499128066B37005B7A67 /* IOKit.framework in Frameworks */,
				CEBA499228066B9A005B7A67 /* libuvc.a in Frameworks */,
				CEBA499328066B9B005B7A67 /* libusb-1.0.a in Frameworks */,
				CEBA499628069F23005B7A67 /* Quartz.framework in Frameworks */,
			);
			runOnlyForDeploymentPostprocessing = 0;
		};
/* End PBXFrameworksBuildPhase section */

/* Begin PBXGroup section */
		CEBA496B2806697C005B7A67 = {
			isa = PBXGroup;
			children = (
				84EC521128071FBE007B415B /* README.md */,
				CEBA49772806697C005B7A67 /* AppDelegate.h */,
				CEBA49782806697C005B7A67 /* AppDelegate.m */,
				CEBA497A2806697D005B7A67 /* Assets.xcassets */,
				CEBA497C2806697D005B7A67 /* MainMenu.xib */,
				CEBA497F2806697D005B7A67 /* main.m */,
				CEBA49812806697D005B7A67 /* WebcamViewer.entitlements */,
				CEBA498728066ABB005B7A67 /* WVUVCDevice.h */,
				CEBA498828066ABB005B7A67 /* WVUVCDevice.m */,
				CEBA49942806790C005B7A67 /* WVUVCDeviceDelegate.h */,
				CEBA49752806697C005B7A67 /* Products */,
				CEBA498D28066AFA005B7A67 /* Frameworks */,
			);
			sourceTree = "<group>";
		};
		CEBA49752806697C005B7A67 /* Products */ = {
			isa = PBXGroup;
			children = (
				CEBA49742806697C005B7A67 /* Webcam Viewer.app */,
			);
			name = Products;
			sourceTree = "<group>";
		};
		CEBA498D28066AFA005B7A67 /* Frameworks */ = {
			isa = PBXGroup;
			children = (
				CEBA499528069F23005B7A67 /* Quartz.framework */,
				CEBA499028066B37005B7A67 /* IOKit.framework */,
				CEBA498F28066B0E005B7A67 /* libuvc.a */,
				CEBA498E28066AFA005B7A67 /* libusb-1.0.a */,
			);
			name = Frameworks;
			sourceTree = "<group>";
		};
/* End PBXGroup section */

/* Begin PBXNativeTarget section */
		CEBA49732806697C005B7A67 /* WebcamViewer */ = {
			isa = PBXNativeTarget;
			buildConfigurationList = CEBA49842806697D005B7A67 /* Build configuration list for PBXNativeTarget "WebcamViewer" */;
			buildPhases = (
				CEBA49702806697C005B7A67 /* Sources */,
				CEBA49712806697C005B7A67 /* Frameworks */,
				CEBA49722806697C005B7A67 /* Resources */,
			);
			buildRules = (
			);
			dependencies = (
			);
			name = WebcamViewer;
			productName = WebcamViewer;
			productReference = CEBA49742806697C005B7A67 /* Webcam Viewer.app */;
			productType = "com.apple.product-type.application";
		};
/* End PBXNativeTarget section */

/* Begin PBXProject section */
		CEBA496C2806697C005B7A67 /* Project object */ = {
			isa = PBXProject;
			attributes = {
				BuildIndependentTargetsInParallel = 1;
				CLASSPREFIX = WV;
				LastUpgradeCheck = 1330;
				ORGANIZATIONNAME = osy;
				TargetAttributes = {
					CEBA49732806697C005B7A67 = {
						CreatedOnToolsVersion = 13.3;
					};
				};
			};
			buildConfigurationList = CEBA496F2806697C005B7A67 /* Build configuration list for PBXProject "WebcamViewer" */;
			compatibilityVersion = "Xcode 13.0";
			developmentRegion = en;
			hasScannedForEncodings = 0;
			knownRegions = (
				en,
				Base,
			);
			mainGroup = CEBA496B2806697C005B7A67;
			productRefGroup = CEBA49752806697C005B7A67 /* Products */;
			projectDirPath = "";
			projectRoot = "";
			targets = (
				CEBA49732806697C005B7A67 /* WebcamViewer */,
			);
		};
/* End PBXProject section */

/* Begin PBXResourcesBuildPhase section */
		CEBA49722806697C005B7A67 /* Resources */ = {
			isa = PBXResourcesBuildPhase;
			buildActionMask = 2147483647;
			files = (
				CEBA497B2806697D005B7A67 /* Assets.xcassets in Resources */,
				CEBA497E2806697D005B7A67 /* MainMenu.xib in Resources */,
			);
			runOnlyForDeploymentPostprocessing = 0;
		};
/* End PBXResourcesBuildPhase section */

/* Begin PBXSourcesBuildPhase section */
		CEBA49702806697C005B7A67 /* Sources */ = {
			isa = PBXSourcesBuildPhase;
			buildActionMask = 2147483647;
			files = (
				CEBA49802806697D005B7A67 /* main.m in Sources */,
				CEBA498928066ABB005B7A67 /* WVUVCDevice.m in Sources */,
				CEBA49792806697C005B7A67 /* AppDelegate.m in Sources */,
			);
			runOnlyForDeploymentPostprocessing = 0;
		};
/* End PBXSourcesBuildPhase section */

/* Begin PBXVariantGroup section */
		CEBA497C2806697D005B7A67 /* MainMenu.xib */ = {
			isa = PBXVariantGroup;
			children = (
				CEBA497D2806697D005B7A67 /* Base */,
			);
			name = MainMenu.xib;
			sourceTree = "<group>";
		};
/* End PBXVariantGroup section */

/* Begin XCBuildConfiguration section */
		CEBA49822806697D005B7A67 /* Debug */ = {
			isa = XCBuildConfiguration;
			buildSettings = {
				ALWAYS_SEARCH_USER_PATHS = NO;
				CLANG_ANALYZER_NONNULL = YES;
				CLANG_ANALYZER_NUMBER_OBJECT_CONVERSION = YES_AGGRESSIVE;
				CLANG_CXX_LANGUAGE_STANDARD = "gnu++17";
				CLANG_ENABLE_MODULES = YES;
				CLANG_ENABLE_OBJC_ARC = YES;
				CLANG_ENABLE_OBJC_WEAK = YES;
				CLANG_WARN_BLOCK_CAPTURE_AUTORELEASING = YES;
				CLANG_WARN_BOOL_CONVERSION = YES;
				CLANG_WARN_COMMA = YES;
				CLANG_WARN_CONSTANT_CONVERSION = YES;
				CLANG_WARN_DEPRECATED_OBJC_IMPLEMENTATIONS = YES;
				CLANG_WARN_DIRECT_OBJC_ISA_USAGE = YES_ERROR;
				CLANG_WARN_DOCUMENTATION_COMMENTS = YES;
				CLANG_WARN_EMPTY_BODY = YES;
				CLANG_WARN_ENUM_CONVERSION = YES;
				CLANG_WARN_INFINITE_RECURSION = YES;
				CLANG_WARN_INT_CONVERSION = YES;
				CLANG_WARN_NON_LITERAL_NULL_CONVERSION = YES;
				CLANG_WARN_OBJC_IMPLICIT_RETAIN_SELF = YES;
				CLANG_WARN_OBJC_LITERAL_CONVERSION = YES;
				CLANG_WARN_OBJC_ROOT_CLASS = YES_ERROR;
				CLANG_WARN_QUOTED_INCLUDE_IN_FRAMEWORK_HEADER = YES;
				CLANG_WARN_RANGE_LOOP_ANALYSIS = YES;
				CLANG_WARN_STRICT_PROTOTYPES = YES;
				CLANG_WARN_SUSPICIOUS_MOVE = YES;
				CLANG_WARN_UNGUARDED_AVAILABILITY = YES_AGGRESSIVE;
				CLANG_WARN_UNREACHABLE_CODE = YES;
				CLANG_WARN__DUPLICATE_METHOD_MATCH = YES;
				COPY_PHASE_STRIP = NO;
				DEBUG_INFORMATION_FORMAT = dwarf;
				ENABLE_STRICT_OBJC_MSGSEND = YES;
				ENABLE_TESTABILITY = YES;
				GCC_C_LANGUAGE_STANDARD = gnu11;
				GCC_DYNAMIC_NO_PIC = NO;
				GCC_NO_COMMON_BLOCKS = YES;
				GCC_OPTIMIZATION_LEVEL = 0;
				GCC_PREPROCESSOR_DEFINITIONS = (
					"DEBUG=1",
					"$(inherited)",
				);
				GCC_WARN_64_TO_32_BIT_CONVERSION = YES;
				GCC_WARN_ABOUT_RETURN_TYPE = YES_ERROR;
				GCC_WARN_UNDECLARED_SELECTOR = YES;
				GCC_WARN_UNINITIALIZED_AUTOS = YES_AGGRESSIVE;
				GCC_WARN_UNUSED_FUNCTION = YES;
				GCC_WARN_UNUSED_VARIABLE = YES;
				MACOSX_DEPLOYMENT_TARGET = 10.14;
				MTL_ENABLE_DEBUG_INFO = INCLUDE_SOURCE;
				MTL_FAST_MATH = YES;
				ONLY_ACTIVE_ARCH = YES;
				SDKROOT = macosx;
			};
			name = Debug;
		};
		CEBA49832806697D005B7A67 /* Release */ = {
			isa = XCBuildConfiguration;
			buildSettings = {
				ALWAYS_SEARCH_USER_PATHS = NO;
				CLANG_ANALYZER_NONNULL = YES;
				CLANG_ANALYZER_NUMBER_OBJECT_CONVERSION = YES_AGGRESSIVE;
				CLANG_CXX_LANGUAGE_STANDARD = "gnu++17";
				CLANG_ENABLE_MODULES = YES;
				CLANG_ENABLE_OBJC_ARC = YES;
				CLANG_ENABLE_OBJC_WEAK = YES;
				CLANG_WARN_BLOCK_CAPTURE_AUTORELEASING = YES;
				CLANG_WARN_BOOL_CONVERSION = YES;
				CLANG_WARN_COMMA = YES;
				CLANG_WARN_CONSTANT_CONVERSION = YES;
				CLANG_WARN_DEPRECATED_OBJC_IMPLEMENTATIONS = YES;
				CLANG_WARN_DIRECT_OBJC_ISA_USAGE = YES_ERROR;
				CLANG_WARN_DOCUMENTATION_COMMENTS = YES;
				CLANG_WARN_EMPTY_BODY = YES;
				CLANG_WARN_ENUM_CONVERSION = YES;
				CLANG_WARN_INFINITE_RECURSION = YES;
				CLANG_WARN_INT_CONVERSION = YES;
				CLANG_WARN_NON_LITERAL_NULL_CONVERSION = YES;
				CLANG_WARN_OBJC_IMPLICIT_RETAIN_SELF = YES;
				CLANG_WARN_OBJC_LITERAL_CONVERSION = YES;
				CLANG_WARN_OBJC_ROOT_CLASS = YES_ERROR;
				CLANG_WARN_QUOTED_INCLUDE_IN_FRAMEWORK_HEADER = YES;
				CLANG_WARN_RANGE_LOOP_ANALYSIS = YES;
				CLANG_WARN_STRICT_PROTOTYPES = YES;
				CLANG_WARN_SUSPICIOUS_MOVE = YES;
				CLANG_WARN_UNGUARDED_AVAILABILITY = YES_AGGRESSIVE;
				CLANG_WARN_UNREACHABLE_CODE = YES;
				CLANG_WARN__DUPLICATE_METHOD_MATCH = YES;
				COPY_PHASE_STRIP = NO;
				DEBUG_INFORMATION_FORMAT = "dwarf-with-dsym";
				ENABLE_NS_ASSERTIONS = NO;
				ENABLE_STRICT_OBJC_MSGSEND = YES;
				GCC_C_LANGUAGE_STANDARD = gnu11;
				GCC_NO_COMMON_BLOCKS = YES;
				GCC_WARN_64_TO_32_BIT_CONVERSION = YES;
				GCC_WARN_ABOUT_RETURN_TYPE = YES_ERROR;
				GCC_WARN_UNDECLARED_SELECTOR = YES;
				GCC_WARN_UNINITIALIZED_AUTOS = YES_AGGRESSIVE;
				GCC_WARN_UNUSED_FUNCTION = YES;
				GCC_WARN_UNUSED_VARIABLE = YES;
				MACOSX_DEPLOYMENT_TARGET = 10.14;
				MTL_ENABLE_DEBUG_INFO = NO;
				MTL_FAST_MATH = YES;
				SDKROOT = macosx;
			};
			name = Release;
		};
		CEBA49852806697D005B7A67 /* Debug */ = {
			isa = XCBuildConfiguration;
			buildSettings = {
				ASSETCATALOG_COMPILER_APPICON_NAME = AppIcon;
				ASSETCATALOG_COMPILER_GLOBAL_ACCENT_COLOR_NAME = AccentColor;
				CODE_SIGN_ENTITLEMENTS = WebcamViewer.entitlements;
				CODE_SIGN_IDENTITY = "-";
				CODE_SIGN_STYLE = Automatic;
				COMBINE_HIDPI_IMAGES = YES;
				CURRENT_PROJECT_VERSION = 1;
				DEVELOPMENT_TEAM = "";
				ENABLE_HARDENED_RUNTIME = YES;
				GENERATE_INFOPLIST_FILE = YES;
				HEADER_SEARCH_PATHS = (
					"$(inherited)",
					"$(PROJECT_DIR)/sysroot/include",
					"$(PROJECT_DIR)/sysroot/include/libusb-1.0",
					"$(PROJECT_DIR)/sysroot/include/libuvc",
				);
				INFOPLIST_KEY_NSHumanReadableCopyright = "";
				INFOPLIST_KEY_NSMainNibFile = MainMenu;
				INFOPLIST_KEY_NSPrincipalClass = NSApplication;
				LD_RUNPATH_SEARCH_PATHS = (
					"$(inherited)",
					"@executable_path/../Frameworks",
				);
				LIBRARY_SEARCH_PATHS = (
					"$(inherited)",
					"$(PROJECT_DIR)/sysroot/lib",
				);
				MARKETING_VERSION = 1.0;
				PRODUCT_BUNDLE_IDENTIFIER = com.osy86.WebcamViewer;
				PRODUCT_NAME = "Webcam Viewer";
				PROVISIONING_PROFILE_SPECIFIER = "";
				SWIFT_EMIT_LOC_STRINGS = YES;
			};
			name = Debug;
		};
		CEBA49862806697D005B7A67 /* Release */ = {
			isa = XCBuildConfiguration;
			buildSettings = {
				ASSETCATALOG_COMPILER_APPICON_NAME = AppIcon;
				ASSETCATALOG_COMPILER_GLOBAL_ACCENT_COLOR_NAME = AccentColor;
				CODE_SIGN_ENTITLEMENTS = WebcamViewer.entitlements;
				CODE_SIGN_IDENTITY = "-";
				CODE_SIGN_STYLE = Automatic;
				COMBINE_HIDPI_IMAGES = YES;
				CURRENT_PROJECT_VERSION = 1;
				DEVELOPMENT_TEAM = "";
				ENABLE_HARDENED_RUNTIME = YES;
				GENERATE_INFOPLIST_FILE = YES;
				HEADER_SEARCH_PATHS = (
					"$(inherited)",
					"$(PROJECT_DIR)/sysroot/include",
					"$(PROJECT_DIR)/sysroot/include/libusb-1.0",
					"$(PROJECT_DIR)/sysroot/include/libuvc",
				);
				INFOPLIST_KEY_NSHumanReadableCopyright = "";
				INFOPLIST_KEY_NSMainNibFile = MainMenu;
				INFOPLIST_KEY_NSPrincipalClass = NSApplication;
				LD_RUNPATH_SEARCH_PATHS = (
					"$(inherited)",
					"@executable_path/../Frameworks",
				);
				LIBRARY_SEARCH_PATHS = (
					"$(inherited)",
					"$(PROJECT_DIR)/sysroot/lib",
				);
				MARKETING_VERSION = 1.0;
				PRODUCT_BUNDLE_IDENTIFIER = com.osy86.WebcamViewer;
				PRODUCT_NAME = "Webcam Viewer";
				PROVISIONING_PROFILE_SPECIFIER = "";
				SWIFT_EMIT_LOC_STRINGS = YES;
			};
			name = Release;
		};
/* End XCBuildConfiguration section */

/* Begin XCConfigurationList section */
		CEBA496F2806697C005B7A67 /* Build configuration list for PBXProject "WebcamViewer" */ = {
			isa = XCConfigurationList;
			buildConfigurations = (
				CEBA49822806697D005B7A67 /* Debug */,
				CEBA49832806697D005B7A67 /* Release */,
			);
			defaultConfigurationIsVisible = 0;
			defaultConfigurationName = Release;
		};
		CEBA49842806697D005B7A67 /* Build configuration list for PBXNativeTarget "WebcamViewer" */ = {
			isa = XCConfigurationList;
			buildConfigurations = (
				CEBA49852806697D005B7A67 /* Debug */,
				CEBA49862806697D005B7A67 /* Release */,
			);
			defaultConfigurationIsVisible = 0;
			defaultConfigurationName = Release;
		};
/* End XCConfigurationList section */
	};
	rootObject = CEBA496C2806697C005B7A67 /* Project object */;
}
